PODS:
  - Alamofire (5.5.0)
  - Firebase/Analytics (8.13.0):
    - Firebase/Core
  - Firebase/Core (8.13.0):
    - Firebase/CoreOnly
    - FirebaseAnalytics (~> 8.13.0)
  - Firebase/CoreOnly (8.13.0):
    - FirebaseCore (= 8.13.0)
  - Firebase/Crashlytics (8.13.0):
    - Firebase/CoreOnly
    - FirebaseCrashlytics (~> 8.13.0)
  - FirebaseAnalytics (8.13.0):
    - FirebaseAnalytics/AdIdSupport (= 8.13.0)
    - FirebaseCore (~> 8.0)
    - FirebaseInstallations (~> 8.0)
    - GoogleUtilities/AppDelegateSwizzler (~> 7.7)
    - GoogleUtilities/MethodSwizzler (~> 7.7)
    - GoogleUtilities/Network (~> 7.7)
    - "GoogleUtilities/NSData+zlib (~> 7.7)"
    - nanopb (~> 2.30908.0)
  - FirebaseAnalytics/AdIdSupport (8.13.0):
    - FirebaseCore (~> 8.0)
    - FirebaseInstallations (~> 8.0)
    - GoogleAppMeasurement (= 8.13.0)
    - GoogleUtilities/AppDelegateSwizzler (~> 7.7)
    - GoogleUtilities/MethodSwizzler (~> 7.7)
    - GoogleUtilities/Network (~> 7.7)
    - "GoogleUtilities/NSData+zlib (~> 7.7)"
    - nanopb (~> 2.30908.0)
  - FirebaseCore (8.13.0):
    - FirebaseCoreDiagnostics (~> 8.0)
    - GoogleUtilities/Environment (~> 7.7)
    - GoogleUtilities/Logger (~> 7.7)
  - FirebaseCoreDiagnostics (8.13.0):
    - GoogleDataTransport (~> 9.1)
    - GoogleUtilities/Environment (~> 7.7)
    - GoogleUtilities/Logger (~> 7.7)
    - nanopb (~> 2.30908.0)
  - FirebaseCrashlytics (8.13.0):
    - FirebaseCore (~> 8.0)
    - FirebaseInstallations (~> 8.0)
    - GoogleDataTransport (~> 9.1)
    - GoogleUtilities/Environment (~> 7.7)
    - nanopb (~> 2.30908.0)
    - PromisesObjC (< 3.0, >= 1.2)
  - FirebaseInstallations (8.13.0):
    - FirebaseCore (~> 8.0)
    - GoogleUtilities/Environment (~> 7.7)
    - GoogleUtilities/UserDefaults (~> 7.7)
    - PromisesObjC (< 3.0, >= 1.2)
  - GoogleAppMeasurement (8.13.0):
    - GoogleAppMeasurement/AdIdSupport (= 8.13.0)
    - GoogleUtilities/AppDelegateSwizzler (~> 7.7)
    - GoogleUtilities/MethodSwizzler (~> 7.7)
    - GoogleUtilities/Network (~> 7.7)
    - "GoogleUtilities/NSData+zlib (~> 7.7)"
    - nanopb (~> 2.30908.0)
  - GoogleAppMeasurement/AdIdSupport (8.13.0):
    - GoogleAppMeasurement/WithoutAdIdSupport (= 8.13.0)
    - GoogleUtilities/AppDelegateSwizzler (~> 7.7)
    - GoogleUtilities/MethodSwizzler (~> 7.7)
    - GoogleUtilities/Network (~> 7.7)
    - "GoogleUtilities/NSData+zlib (~> 7.7)"
    - nanopb (~> 2.30908.0)
  - GoogleAppMeasurement/WithoutAdIdSupport (8.13.0):
    - GoogleUtilities/AppDelegateSwizzler (~> 7.7)
    - GoogleUtilities/MethodSwizzler (~> 7.7)
    - GoogleUtilities/Network (~> 7.7)
    - "GoogleUtilities/NSData+zlib (~> 7.7)"
    - nanopb (~> 2.30908.0)
  - GoogleDataTransport (9.1.2):
    - GoogleUtilities/Environment (~> 7.2)
    - nanopb (~> 2.30908.0)
    - PromisesObjC (< 3.0, >= 1.2)
  - GoogleUtilities/AppDelegateSwizzler (7.7.0):
    - GoogleUtilities/Environment
    - GoogleUtilities/Logger
    - GoogleUtilities/Network
  - GoogleUtilities/Environment (7.7.0):
    - PromisesObjC (< 3.0, >= 1.2)
  - GoogleUtilities/Logger (7.7.0):
    - GoogleUtilities/Environment
  - GoogleUtilities/MethodSwizzler (7.7.0):
    - GoogleUtilities/Logger
  - GoogleUtilities/Network (7.7.0):
    - GoogleUtilities/Logger
    - "GoogleUtilities/NSData+zlib"
    - GoogleUtilities/Reachability
  - "GoogleUtilities/NSData+zlib (7.7.0)"
  - GoogleUtilities/Reachability (7.7.0):
    - GoogleUtilities/Logger
  - GoogleUtilities/UserDefaults (7.7.0):
    - GoogleUtilities/Logger
  - IQKeyboardManagerSwift (6.5.9)
  - LineSDKSwift (5.8.1):
    - LineSDKSwift/Core (= 5.8.1)
  - LineSDKSwift/Core (5.8.1)
  - Localize-Swift (3.2.0):
    - Localize-Swift/LocalizeSwiftCore (= 3.2.0)
    - Localize-Swift/UIKit (= 3.2.0)
  - Localize-Swift/LocalizeSwiftCore (3.2.0)
  - Localize-Swift/UIKit (3.2.0):
    - Localize-Swift/LocalizeSwiftCore
  - nanopb (2.30908.0):
    - nanopb/decode (= 2.30908.0)
    - nanopb/encode (= 2.30908.0)
  - nanopb/decode (2.30908.0)
  - nanopb/encode (2.30908.0)
  - OAuthSwift (2.2.0)
  - OverlayContainer (3.5.2)
  - Parchment (3.2.0)
  - ProgressHUD (13.6)
  - PromisesObjC (2.0.0)
  - SDWebImage (5.12.4):
    - SDWebImage/Core (= 5.12.4)
  - SDWebImage/Core (5.12.4)
  - SideMenuSwift (2.0.9)
  - SwiftAlertView (2.2.1)
  - SwiftyJSON (4.3.0)

DEPENDENCIES:
  - Alamofire (~> 5.4)
  - Firebase/Analytics
  - Firebase/Crashlytics
  - IQKeyboardManagerSwift
  - LineSDKSwift
  - Localize-Swift (~> 3.2)
  - OAuthSwift (~> 2.2.0)
  - OverlayContainer
  - Parchment (~> 3.0)
  - ProgressHUD
  - SDWebImage
  - SideMenuSwift
  - SwiftAlertView (~> 2.2.1)
  - SwiftyJSON

SPEC REPOS:
  trunk:
    - Alamofire
    - Firebase
    - FirebaseAnalytics
    - FirebaseCore
    - FirebaseCoreDiagnostics
    - FirebaseCrashlytics
    - FirebaseInstallations
    - GoogleAppMeasurement
    - GoogleDataTransport
    - GoogleUtilities
    - IQKeyboardManagerSwift
    - LineSDKSwift
    - Localize-Swift
    - nanopb
    - OAuthSwift
    - OverlayContainer
    - Parchment
    - ProgressHUD
    - PromisesObjC
    - SDWebImage
    - SideMenuSwift
    - SwiftAlertView
    - SwiftyJSON

SPEC CHECKSUMS:
  Alamofire: 1c4fb5369c3fe93d2857c780d8bbe09f06f97e7c
  Firebase: ee9b1d9b1801371e29f5591eda89eb5a314ab599
  FirebaseAnalytics: 2be3cc52ac310759f28861aec9d459c851370cdb
  FirebaseCore: c7e3fa30492e50ccdeef280bf0d5584af38da3e1
  FirebaseCoreDiagnostics: c2836d254a8f0bbb4121ff18f2c2ea39d118fd08
  FirebaseCrashlytics: 3b6eafb7e508c26d37ff7a256d0f74406f7e47bd
  FirebaseInstallations: 60edbf7e11d91ae4c751d26c200dfd037099abe0
  GoogleAppMeasurement: 135c2fbcf5038e0f37dbce04fa641a702fc275d1
  GoogleDataTransport: 629c20a4d363167143f30ea78320d5a7eb8bd940
  GoogleUtilities: e0913149f6b0625b553d70dae12b49fc62914fd1
  IQKeyboardManagerSwift: 6e839c575c4aa1078d58a596e41244e77abe918f
  LineSDKSwift: 55ea1486ad3b2802b7e00f80aeb5844e3ed3faa3
  Localize-Swift: 6f4475136bdb0d7b2882ea3d4ea919d70142b232
  nanopb: a0ba3315591a9ae0a16a309ee504766e90db0c96
  OAuthSwift: 75efbb5bd9a4b2b71a37bd7e986bf3f55ddd54c6
  OverlayContainer: 6b2727437ee7d76dc22b00d0275a94c9191f962a
  Parchment: a43c440b22c8a60f7e0196b74339446d4d1d18ea
  ProgressHUD: 4bdaa0d2ddf676b23324b199f9facffb5c3a1620
  PromisesObjC: 68159ce6952d93e17b2dfe273b8c40907db5ba58
  SDWebImage: 631cf572cc93dfdfe54162e556410a61f1141928
  SideMenuSwift: 39f1922e225da4aaa8b16591037a929defe960c9
  SwiftAlertView: e61a63206f19e8e3295f13a58d6464fea4a6946a
  SwiftyJSON: 6faa0040f8b59dead0ee07436cbf76b73c08fd08

PODFILE CHECKSUM: fb68333c8f84fcb616fba03160923cc104ecdb02

COCOAPODS: 1.11.2
